
Microsoft Visual Studio Solution File, Format Version 12.00
# Visual Studio Version 17
VisualStudioVersion = 17.4.33205.214
MinimumVisualStudioVersion = 10.0.40219.1
Project("{9A19103F-16F7-4668-BE54-9A1E7A4F7556}") = "TheMoneyExample", "TheMoneyExample\TheMoneyExample.csproj", "{F5BA04DA-CDF7-4B70-AD0E-A59B3F4B56D4}"
EndProject
Global
	GlobalSection(SolutionConfigurationPlatforms) = preSolution
		Debug|Any CPU = Debug|Any CPU
		Release|Any CPU = Release|Any CPU
	EndGlobalSection
	GlobalSection(ProjectConfigurationPlatforms) = postSolution
		{F5BA04DA-CDF7-4B70-AD0E-A59B3F4B56D4}.Debug|Any CPU.ActiveCfg = Debug|Any CPU
		{F5BA04DA-CDF7-4B70-AD0E-A59B3F4B56D4}.Debug|Any CPU.Build.0 = Debug|Any CPU
		{F5BA04DA-CDF7-4B70-AD0E-A59B3F4B56D4}.Release|Any CPU.ActiveCfg = Release|Any CPU
		{F5BA04DA-CDF7-4B70-AD0E-A59B3F4B56D4}.Release|Any CPU.Build.0 = Release|Any CPU
	EndGlobalSection
	GlobalSection(SolutionProperties) = preSolution
		HideSolutionNode = FALSE
	EndGlobalSection
	GlobalSection(ExtensibilityGlobals) = postSolution
		SolutionGuid = {5275DC06-A7EB-46A0-B785-566D9A634420}
	EndGlobalSection
EndGlobal
